// !$*UTF8*$!
{
	archiveVersion = 1;
	classes = {
	};
	objectVersion = 48;
	objects = {

/* Begin PBXBuildFile section */
		453E3466209C7D6F00850371 /* ItemTableViewCell.swift in Sources */ = {isa = PBXBuildFile; fileRef = 453E3465209C7D6F00850371 /* ItemTableViewCell.swift */; };
		45677C66209C61B900515B80 /* AppDelegate.swift in Sources */ = {isa = PBXBuildFile; fileRef = 45677C65209C61B900515B80 /* AppDelegate.swift */; };
		45677C68209C61B900515B80 /* PhotosListViewController.swift in Sources */ = {isa = PBXBuildFile; fileRef = 45677C67209C61B900515B80 /* PhotosListViewController.swift */; };
		45677C6B209C61B900515B80 /* Main.storyboard in Resources */ = {isa = PBXBuildFile; fileRef = 45677C69209C61B900515B80 /* Main.storyboard */; };
		45677C6D209C61B900515B80 /* Assets.xcassets in Resources */ = {isa = PBXBuildFile; fileRef = 45677C6C209C61B900515B80 /* Assets.xcassets */; };
		45677C70209C61B900515B80 /* LaunchScreen.storyboard in Resources */ = {isa = PBXBuildFile; fileRef = 45677C6E209C61B900515B80 /* LaunchScreen.storyboard */; };
		45FAD24A209CC3B3001C178B /* AppConstants.swift in Sources */ = {isa = PBXBuildFile; fileRef = 45FAD249209CC3B3001C178B /* AppConstants.swift */; };
		45FAD24C209CCED5001C178B /* ServerManager.swift in Sources */ = {isa = PBXBuildFile; fileRef = 45FAD24B209CCED5001C178B /* ServerManager.swift */; };
		45FAD24E209CD49F001C178B /* ServerManagerCalls.swift in Sources */ = {isa = PBXBuildFile; fileRef = 45FAD24D209CD49F001C178B /* ServerManagerCalls.swift */; };
		45FAD250209CD890001C178B /* PhotoItem.swift in Sources */ = {isa = PBXBuildFile; fileRef = 45FAD24F209CD890001C178B /* PhotoItem.swift */; };
		B658062E7FC1226D7461F677 /* Pods_Task.framework in Frameworks */ = {isa = PBXBuildFile; fileRef = 85AA103693127FA8FACA2D07 /* Pods_Task.framework */; };
/* End PBXBuildFile section */

/* Begin PBXFileReference section */
		453E345C209C74FC00850371 /* Info.plist */ = {isa = PBXFileReference; fileEncoding = 4; lastKnownFileType = text.plist.xml; path = Info.plist; sourceTree = "<group>"; };
		453E3465209C7D6F00850371 /* ItemTableViewCell.swift */ = {isa = PBXFileReference; lastKnownFileType = sourcecode.swift; path = ItemTableViewCell.swift; sourceTree = "<group>"; };
		45677C62209C61B900515B80 /* Task.app */ = {isa = PBXFileReference; explicitFileType = wrapper.application; includeInIndex = 0; path = Task.app; sourceTree = BUILT_PRODUCTS_DIR; };
		45677C65209C61B900515B80 /* AppDelegate.swift */ = {isa = PBXFileReference; lastKnownFileType = sourcecode.swift; path = AppDelegate.swift; sourceTree = "<group>"; };
		45677C67209C61B900515B80 /* PhotosListViewController.swift */ = {isa = PBXFileReference; lastKnownFileType = sourcecode.swift; path = PhotosListViewController.swift; sourceTree = "<group>"; };
		45677C6A209C61B900515B80 /* Base */ = {isa = PBXFileReference; lastKnownFileType = file.storyboard; name = Base; path = Base.lproj/Main.storyboard; sourceTree = "<group>"; };
		45677C6C209C61B900515B80 /* Assets.xcassets */ = {isa = PBXFileReference; lastKnownFileType = folder.assetcatalog; path = Assets.xcassets; sourceTree = "<group>"; };
		45677C6F209C61B900515B80 /* Base */ = {isa = PBXFileReference; lastKnownFileType = file.storyboard; name = Base; path = Base.lproj/LaunchScreen.storyboard; sourceTree = "<group>"; };
		45FAD249209CC3B3001C178B /* AppConstants.swift */ = {isa = PBXFileReference; lastKnownFileType = sourcecode.swift; path = AppConstants.swift; sourceTree = "<group>"; };
		45FAD24B209CCED5001C178B /* ServerManager.swift */ = {isa = PBXFileReference; lastKnownFileType = sourcecode.swift; path = ServerManager.swift; sourceTree = "<group>"; };
		45FAD24D209CD49F001C178B /* ServerManagerCalls.swift */ = {isa = PBXFileReference; lastKnownFileType = sourcecode.swift; path = ServerManagerCalls.swift; sourceTree = "<group>"; };
		45FAD24F209CD890001C178B /* PhotoItem.swift */ = {isa = PBXFileReference; lastKnownFileType = sourcecode.swift; path = PhotoItem.swift; sourceTree = "<group>"; };
		5C1AC3043DFD7A0ADECED0A9 /* Pods-Task.release.xcconfig */ = {isa = PBXFileReference; includeInIndex = 1; lastKnownFileType = text.xcconfig; name = "Pods-Task.release.xcconfig"; path = "Pods/Target Support Files/Pods-Task/Pods-Task.release.xcconfig"; sourceTree = "<group>"; };
		85AA103693127FA8FACA2D07 /* Pods_Task.framework */ = {isa = PBXFileReference; explicitFileType = wrapper.framework; includeInIndex = 0; path = Pods_Task.framework; sourceTree = BUILT_PRODUCTS_DIR; };
		D7C873E0EDAC03C719AE468B /* Pods-Task.debug.xcconfig */ = {isa = PBXFileReference; includeInIndex = 1; lastKnownFileType = text.xcconfig; name = "Pods-Task.debug.xcconfig"; path = "Pods/Target Support Files/Pods-Task/Pods-Task.debug.xcconfig"; sourceTree = "<group>"; };
/* End PBXFileReference section */

/* Begin PBXFrameworksBuildPhase section */
		45677C5F209C61B900515B80 /* Frameworks */ = {
			isa = PBXFrameworksBuildPhase;
			buildActionMask = 2147483647;
			files = (
				B658062E7FC1226D7461F677 /* Pods_Task.framework in Frameworks */,
			);
			runOnlyForDeploymentPostprocessing = 0;
		};
/* End PBXFrameworksBuildPhase section */

/* Begin PBXGroup section */
		453E3462209C759900850371 /* Views */ = {
			isa = PBXGroup;
			children = (
				45677C69209C61B900515B80 /* Main.storyboard */,
			);
			path = Views;
			sourceTree = "<group>";
		};
		453E3463209C75A300850371 /* Controllers */ = {
			isa = PBXGroup;
			children = (
				45677C67209C61B900515B80 /* PhotosListViewController.swift */,
				453E3465209C7D6F00850371 /* ItemTableViewCell.swift */,
			);
			path = Controllers;
			sourceTree = "<group>";
		};
		453E3464209C75B400850371 /* Models */ = {
			isa = PBXGroup;
			children = (
				45FAD24F209CD890001C178B /* PhotoItem.swift */,
			);
			path = Models;
			sourceTree = "<group>";
		};
		45677C59209C61B900515B80 = {
			isa = PBXGroup;
			children = (
				45677C64209C61B900515B80 /* Task */,
				45677C63209C61B900515B80 /* Products */,
				66A0F191699D82F57FDFAD10 /* Pods */,
				964F01A732AD10286CF4F18D /* Frameworks */,
			);
			sourceTree = "<group>";
		};
		45677C63209C61B900515B80 /* Products */ = {
			isa = PBXGroup;
			children = (
				45677C62209C61B900515B80 /* Task.app */,
			);
			name = Products;
			sourceTree = "<group>";
		};
		45677C64209C61B900515B80 /* Task */ = {
			isa = PBXGroup;
			children = (
				45FAD24D209CD49F001C178B /* ServerManagerCalls.swift */,
				453E3464209C75B400850371 /* Models */,
				453E345C209C74FC00850371 /* Info.plist */,
				45677C65209C61B900515B80 /* AppDelegate.swift */,
				453E3463209C75A300850371 /* Controllers */,
				453E3462209C759900850371 /* Views */,
				45677C6C209C61B900515B80 /* Assets.xcassets */,
				45677C6E209C61B900515B80 /* LaunchScreen.storyboard */,
				45FAD249209CC3B3001C178B /* AppConstants.swift */,
				45FAD24B209CCED5001C178B /* ServerManager.swift */,
			);
			path = Task;
			sourceTree = "<group>";
		};
		66A0F191699D82F57FDFAD10 /* Pods */ = {
			isa = PBXGroup;
			children = (
				D7C873E0EDAC03C719AE468B /* Pods-Task.debug.xcconfig */,
				5C1AC3043DFD7A0ADECED0A9 /* Pods-Task.release.xcconfig */,
			);
			name = Pods;
			sourceTree = "<group>";
		};
		964F01A732AD10286CF4F18D /* Frameworks */ = {
			isa = PBXGroup;
			children = (
				85AA103693127FA8FACA2D07 /* Pods_Task.framework */,
			);
			name = Frameworks;
			sourceTree = "<group>";
		};
/* End PBXGroup section */

/* Begin PBXNativeTarget section */
		45677C61209C61B900515B80 /* Task */ = {
			isa = PBXNativeTarget;
			buildConfigurationList = 45677C74209C61B900515B80 /* Build configuration list for PBXNativeTarget "Task" */;
			buildPhases = (
				C312C5782B0B3742D759B2FB /* [CP] Check Pods Manifest.lock */,
				45677C5E209C61B900515B80 /* Sources */,
				45677C5F209C61B900515B80 /* Frameworks */,
				45677C60209C61B900515B80 /* Resources */,
				A969D71E99F4CB6AD64D1158 /* [CP] Embed Pods Frameworks */,
				CE5FA6D04FF7339DE98999C5 /* [CP] Copy Pods Resources */,
			);
			buildRules = (
			);
			dependencies = (
			);
			name = Task;
			productName = Task;
			productReference = 45677C62209C61B900515B80 /* Task.app */;
			productType = "com.apple.product-type.application";
		};
/* End PBXNativeTarget section */

/* Begin PBXProject section */
		45677C5A209C61B900515B80 /* Project object */ = {
			isa = PBXProject;
			attributes = {
				LastSwiftUpdateCheck = 0920;
				LastUpgradeCheck = 0920;
				ORGANIZATIONNAME = "Huda Elhady";
				TargetAttributes = {
					45677C61209C61B900515B80 = {
						CreatedOnToolsVersion = 9.2;
						ProvisioningStyle = Automatic;
					};
				};
			};
			buildConfigurationList = 45677C5D209C61B900515B80 /* Build configuration list for PBXProject "Task" */;
			compatibilityVersion = "Xcode 8.0";
			developmentRegion = en;
			hasScannedForEncodings = 0;
			knownRegions = (
				en,
				Base,
			);
			mainGroup = 45677C59209C61B900515B80;
			productRefGroup = 45677C63209C61B900515B80 /* Products */;
			projectDirPath = "";
			projectRoot = "";
			targets = (
				45677C61209C61B900515B80 /* Task */,
			);
		};
/* End PBXProject section */

/* Begin PBXResourcesBuildPhase section */
		45677C60209C61B900515B80 /* Resources */ = {
			isa = PBXResourcesBuildPhase;
			buildActionMask = 2147483647;
			files = (
				45677C70209C61B900515B80 /* LaunchScreen.storyboard in Resources */,
				45677C6D209C61B900515B80 /* Assets.xcassets in Resources */,
				45677C6B209C61B900515B80 /* Main.storyboard in Resources */,
			);
			runOnlyForDeploymentPostprocessing = 0;
		};
/* End PBXResourcesBuildPhase section */

/* Begin PBXShellScriptBuildPhase section */
		A969D71E99F4CB6AD64D1158 /* [CP] Embed Pods Frameworks */ = {
			isa = PBXShellScriptBuildPhase;
			buildActionMask = 2147483647;
			files = (
			);
			inputPaths = (
				"${SRCROOT}/Pods/Target Support Files/Pods-Task/Pods-Task-frameworks.sh",
				"${BUILT_PRODUCTS_DIR}/Alamofire/Alamofire.framework",
				"${BUILT_PRODUCTS_DIR}/SDWebImage/SDWebImage.framework",
			);
			name = "[CP] Embed Pods Frameworks";
			outputPaths = (
				"${TARGET_BUILD_DIR}/${FRAMEWORKS_FOLDER_PATH}/Alamofire.framework",
				"${TARGET_BUILD_DIR}/${FRAMEWORKS_FOLDER_PATH}/SDWebImage.framework",
			);
			runOnlyForDeploymentPostprocessing = 0;
			shellPath = /bin/sh;
			shellScript = "\"${SRCROOT}/Pods/Target Support Files/Pods-Task/Pods-Task-frameworks.sh\"\n";
			showEnvVarsInLog = 0;
		};
		C312C5782B0B3742D759B2FB /* [CP] Check Pods Manifest.lock */ = {
			isa = PBXShellScriptBuildPhase;
			buildActionMask = 2147483647;
			files = (
			);
			inputPaths = (
				"${PODS_PODFILE_DIR_PATH}/Podfile.lock",
				"${PODS_ROOT}/Manifest.lock",
			);
			name = "[CP] Check Pods Manifest.lock";
			outputPaths = (
				"$(DERIVED_FILE_DIR)/Pods-Task-checkManifestLockResult.txt",
			);
			runOnlyForDeploymentPostprocessing = 0;
			shellPath = /bin/sh;
			shellScript = "diff \"${PODS_PODFILE_DIR_PATH}/Podfile.lock\" \"${PODS_ROOT}/Manifest.lock\" > /dev/null\nif [ $? != 0 ] ; then\n    # print error to STDERR\n    echo \"error: The sandbox is not in sync with the Podfile.lock. Run 'pod install' or update your CocoaPods installation.\" >&2\n    exit 1\nfi\n# This output is used by Xcode 'outputs' to avoid re-running this script phase.\necho \"SUCCESS\" > \"${SCRIPT_OUTPUT_FILE_0}\"\n";
			showEnvVarsInLog = 0;
		};
		CE5FA6D04FF7339DE98999C5 /* [CP] Copy Pods Resources */ = {
			isa = PBXShellScriptBuildPhase;
			buildActionMask = 2147483647;
			files = (
			);
			inputPaths = (
			);
			name = "[CP] Copy Pods Resources";
			outputPaths = (
			);
			runOnlyForDeploymentPostprocessing = 0;
			shellPath = /bin/sh;
			shellScript = "\"${SRCROOT}/Pods/Target Support Files/Pods-Task/Pods-Task-resources.sh\"\n";
			showEnvVarsInLog = 0;
		};
/* End PBXShellScriptBuildPhase section */

/* Begin PBXSourcesBuildPhase section */
		45677C5E209C61B900515B80 /* Sources */ = {
			isa = PBXSourcesBuildPhase;
			buildActionMask = 2147483647;
			files = (
				45FAD24C209CCED5001C178B /* ServerManager.swift in Sources */,
				45677C68209C61B900515B80 /* PhotosListViewController.swift in Sources */,
				453E3466209C7D6F00850371 /* ItemTableViewCell.swift in Sources */,
				45677C66209C61B900515B80 /* AppDelegate.swift in Sources */,
				45FAD24E209CD49F001C178B /* ServerManagerCalls.swift in Sources */,
				45FAD24A209CC3B3001C178B /* AppConstants.swift in Sources */,
				45FAD250209CD890001C178B /* PhotoItem.swift in Sources */,
			);
			runOnlyForDeploymentPostprocessing = 0;
		};
/* End PBXSourcesBuildPhase section */

/* Begin PBXVariantGroup section */
		45677C69209C61B900515B80 /* Main.storyboard */ = {
			isa = PBXVariantGroup;
			children = (
				45677C6A209C61B900515B80 /* Base */,
			);
			name = Main.storyboard;
			sourceTree = "<group>";
		};
		45677C6E209C61B900515B80 /* LaunchScreen.storyboard */ = {
			isa = PBXVariantGroup;
			children = (
				45677C6F209C61B900515B80 /* Base */,
			);
			name = LaunchScreen.storyboard;
			sourceTree = "<group>";
		};
/* End PBXVariantGroup section */

/* Begin XCBuildConfiguration section */
		45677C72209C61B900515B80 /* Debug */ = {
			isa = XCBuildConfiguration;
			buildSettings = {
				ALWAYS_SEARCH_USER_PATHS = NO;
				CLANG_ANALYZER_NONNULL = YES;
				CLANG_ANALYZER_NUMBER_OBJECT_CONVERSION = YES_AGGRESSIVE;
				CLANG_CXX_LANGUAGE_STANDARD = "gnu++14";
				CLANG_CXX_LIBRARY = "libc++";
				CLANG_ENABLE_MODULES = YES;
				CLANG_ENABLE_OBJC_ARC = YES;
				CLANG_WARN_BLOCK_CAPTURE_AUTORELEASING = YES;
				CLANG_WARN_BOOL_CONVERSION = YES;
				CLANG_WARN_COMMA = YES;
				CLANG_WARN_CONSTANT_CONVERSION = YES;
				CLANG_WARN_DIRECT_OBJC_ISA_USAGE = YES_ERROR;
				CLANG_WARN_DOCUMENTATION_COMMENTS = YES;
				CLANG_WARN_EMPTY_BODY = YES;
				CLANG_WARN_ENUM_CONVERSION = YES;
				CLANG_WARN_INFINITE_RECURSION = YES;
				CLANG_WARN_INT_CONVERSION = YES;
				CLANG_WARN_NON_LITERAL_NULL_CONVERSION = YES;
				CLANG_WARN_OBJC_LITERAL_CONVERSION = YES;
				CLANG_WARN_OBJC_ROOT_CLASS = YES_ERROR;
				CLANG_WARN_RANGE_LOOP_ANALYSIS = YES;
				CLANG_WARN_STRICT_PROTOTYPES = YES;
				CLANG_WARN_SUSPICIOUS_MOVE = YES;
				CLANG_WARN_UNGUARDED_AVAILABILITY = YES_AGGRESSIVE;
				CLANG_WARN_UNREACHABLE_CODE = YES;
				CLANG_WARN__DUPLICATE_METHOD_MATCH = YES;
				CODE_SIGN_IDENTITY = "iPhone Developer";
				COPY_PHASE_STRIP = NO;
				DEBUG_INFORMATION_FORMAT = dwarf;
				ENABLE_STRICT_OBJC_MSGSEND = YES;
				ENABLE_TESTABILITY = YES;
				GCC_C_LANGUAGE_STANDARD = gnu11;
				GCC_DYNAMIC_NO_PIC = NO;
				GCC_NO_COMMON_BLOCKS = YES;
				GCC_OPTIMIZATION_LEVEL = 0;
				GCC_PREPROCESSOR_DEFINITIONS = (
					"DEBUG=1",
					"$(inherited)",
				);
				GCC_WARN_64_TO_32_BIT_CONVERSION = YES;
				GCC_WARN_ABOUT_RETURN_TYPE = YES_ERROR;
				GCC_WARN_UNDECLARED_SELECTOR = YES;
				GCC_WARN_UNINITIALIZED_AUTOS = YES_AGGRESSIVE;
				GCC_WARN_UNUSED_FUNCTION = YES;
				GCC_WARN_UNUSED_VARIABLE = YES;
				IPHONEOS_DEPLOYMENT_TARGET = 11.2;
				MTL_ENABLE_DEBUG_INFO = YES;
				ONLY_ACTIVE_ARCH = YES;
				SDKROOT = iphoneos;
				SWIFT_ACTIVE_COMPILATION_CONDITIONS = DEBUG;
				SWIFT_OPTIMIZATION_LEVEL = "-Onone";
			};
			name = Debug;
		};
		45677C73209C61B900515B80 /* Release */ = {
			isa = XCBuildConfiguration;
			buildSettings = {
				ALWAYS_SEARCH_USER_PATHS = NO;
				CLANG_ANALYZER_NONNULL = YES;
				CLANG_ANALYZER_NUMBER_OBJECT_CONVERSION = YES_AGGRESSIVE;
				CLANG_CXX_LANGUAGE_STANDARD = "gnu++14";
				CLANG_CXX_LIBRARY = "libc++";
				CLANG_ENABLE_MODULES = YES;
				CLANG_ENABLE_OBJC_ARC = YES;
				CLANG_WARN_BLOCK_CAPTURE_AUTORELEASING = YES;
				CLANG_WARN_BOOL_CONVERSION = YES;
				CLANG_WARN_COMMA = YES;
				CLANG_WARN_CONSTANT_CONVERSION = YES;
				CLANG_WARN_DIRECT_OBJC_ISA_USAGE = YES_ERROR;
				CLANG_WARN_DOCUMENTATION_COMMENTS = YES;
				CLANG_WARN_EMPTY_BODY = YES;
				CLANG_WARN_ENUM_CONVERSION = YES;
				CLANG_WARN_INFINITE_RECURSION = YES;
				CLANG_WARN_INT_CONVERSION = YES;
				CLANG_WARN_NON_LITERAL_NULL_CONVERSION = YES;
				CLANG_WARN_OBJC_LITERAL_CONVERSION = YES;
				CLANG_WARN_OBJC_ROOT_CLASS = YES_ERROR;
				CLANG_WARN_RANGE_LOOP_ANALYSIS = YES;
				CLANG_WARN_STRICT_PROTOTYPES = YES;
				CLANG_WARN_SUSPICIOUS_MOVE = YES;
				CLANG_WARN_UNGUARDED_AVAILABILITY = YES_AGGRESSIVE;
				CLANG_WARN_UNREACHABLE_CODE = YES;
				CLANG_WARN__DUPLICATE_METHOD_MATCH = YES;
				CODE_SIGN_IDENTITY = "iPhone Developer";
				COPY_PHASE_STRIP = NO;
				DEBUG_INFORMATION_FORMAT = "dwarf-with-dsym";
				ENABLE_NS_ASSERTIONS = NO;
				ENABLE_STRICT_OBJC_MSGSEND = YES;
				GCC_C_LANGUAGE_STANDARD = gnu11;
				GCC_NO_COMMON_BLOCKS = YES;
				GCC_WARN_64_TO_32_BIT_CONVERSION = YES;
				GCC_WARN_ABOUT_RETURN_TYPE = YES_ERROR;
				GCC_WARN_UNDECLARED_SELECTOR = YES;
				GCC_WARN_UNINITIALIZED_AUTOS = YES_AGGRESSIVE;
				GCC_WARN_UNUSED_FUNCTION = YES;
				GCC_WARN_UNUSED_VARIABLE = YES;
				IPHONEOS_DEPLOYMENT_TARGET = 11.2;
				MTL_ENABLE_DEBUG_INFO = NO;
				SDKROOT = iphoneos;
				SWIFT_OPTIMIZATION_LEVEL = "-Owholemodule";
				VALIDATE_PRODUCT = YES;
			};
			name = Release;
		};
		45677C75209C61B900515B80 /* Debug */ = {
			isa = XCBuildConfiguration;
			baseConfigurationReference = D7C873E0EDAC03C719AE468B /* Pods-Task.debug.xcconfig */;
			buildSettings = {
				ASSETCATALOG_COMPILER_APPICON_NAME = AppIcon;
				CODE_SIGN_STYLE = Automatic;
				INFOPLIST_FILE = Task/Info.plist;
				LD_RUNPATH_SEARCH_PATHS = "$(inherited) @executable_path/Frameworks";
				PRODUCT_BUNDLE_IDENTIFIER = "Huda-Elhady.Task";
				PRODUCT_NAME = "$(TARGET_NAME)";
				SWIFT_VERSION = 4.0;
				TARGETED_DEVICE_FAMILY = "1,2";
			};
			name = Debug;
		};
		45677C76209C61B900515B80 /* Release */ = {
			isa = XCBuildConfiguration;
			baseConfigurationReference = 5C1AC3043DFD7A0ADECED0A9 /* Pods-Task.release.xcconfig */;
			buildSettings = {
				ASSETCATALOG_COMPILER_APPICON_NAME = AppIcon;
				CODE_SIGN_STYLE = Automatic;
				INFOPLIST_FILE = Task/Info.plist;
				LD_RUNPATH_SEARCH_PATHS = "$(inherited) @executable_path/Frameworks";
				PRODUCT_BUNDLE_IDENTIFIER = "Huda-Elhady.Task";
				PRODUCT_NAME = "$(TARGET_NAME)";
				SWIFT_VERSION = 4.0;
				TARGETED_DEVICE_FAMILY = "1,2";
			};
			name = Release;
		};
/* End XCBuildConfiguration section */

/* Begin XCConfigurationList section */
		45677C5D209C61B900515B80 /* Build configuration list for PBXProject "Task" */ = {
			isa = XCConfigurationList;
			buildConfigurations = (
				45677C72209C61B900515B80 /* Debug */,
				45677C73209C61B900515B80 /* Release */,
			);
			defaultConfigurationIsVisible = 0;
			defaultConfigurationName = Release;
		};
		45677C74209C61B900515B80 /* Build configuration list for PBXNativeTarget "Task" */ = {
			isa = XCConfigurationList;
			buildConfigurations = (
				45677C75209C61B900515B80 /* Debug */,
				45677C76209C61B900515B80 /* Release */,
			);
			defaultConfigurationIsVisible = 0;
			defaultConfigurationName = Release;
		};
/* End XCConfigurationList section */
	};
	rootObject = 45677C5A209C61B900515B80 /* Project object */;
}
